
Microsoft Visual Studio Solution File, Format Version 12.00
# Visual Studio Version 17
VisualStudioVersion = 17.8.34511.84
MinimumVisualStudioVersion = 10.0.40219.1
Project("{FAE04EC0-301F-11D3-BF4B-00C04F79EFBC}") = "ECO", "ECO.csproj", "{8112D2E2-4128-4EFC-91CA-DB4AF3ED0041}"
EndProject
Global
	GlobalSection(SolutionConfigurationPlatforms) = preSolution
		Debug|Any CPU = Debug|Any CPU
		Release|Any CPU = Release|Any CPU
	EndGlobalSection
	GlobalSection(ProjectConfigurationPlatforms) = postSolution
		{8112D2E2-4128-4EFC-91CA-DB4AF3ED0041}.Debug|Any CPU.ActiveCfg = Debug|Any CPU
		{8112D2E2-4128-4EFC-91CA-DB4AF3ED0041}.Debug|Any CPU.Build.0 = Debug|Any CPU
		{8112D2E2-4128-4EFC-91CA-DB4AF3ED0041}.Release|Any CPU.ActiveCfg = Release|Any CPU
		{8112D2E2-4128-4EFC-91CA-DB4AF3ED0041}.Release|Any CPU.Build.0 = Release|Any CPU
	EndGlobalSection
	GlobalSection(SolutionProperties) = preSolution
		HideSolutionNode = FALSE
	EndGlobalSection
	GlobalSection(ExtensibilityGlobals) = postSolution
		SolutionGuid = {23B15C62-AC73-4856-8451-95503F30797C}
	EndGlobalSection
EndGlobal
